// !$*UTF8*$!
{
	archiveVersion = 1;
	classes = {
	};
	objectVersion = 46;
	objects = {

/* Begin PBXBuildFile section */
		253186C51E27BB5200565C32 /* AppDelegate.swift in Sources */ = {isa = PBXBuildFile; fileRef = 253186C41E27BB5200565C32 /* AppDelegate.swift */; };
		253186C71E27BB5200565C32 /* ViewController.swift in Sources */ = {isa = PBXBuildFile; fileRef = 253186C61E27BB5200565C32 /* ViewController.swift */; };
		253186CA1E27BB5200565C32 /* Main.storyboard in Resources */ = {isa = PBXBuildFile; fileRef = 253186C81E27BB5200565C32 /* Main.storyboard */; };
		253186CC1E27BB5200565C32 /* Assets.xcassets in Resources */ = {isa = PBXBuildFile; fileRef = 253186CB1E27BB5200565C32 /* Assets.xcassets */; };
		253186CF1E27BB5200565C32 /* LaunchScreen.storyboard in Resources */ = {isa = PBXBuildFile; fileRef = 253186CD1E27BB5200565C32 /* LaunchScreen.storyboard */; };
		253186D91E27BBDC00565C32 /* ChapterCell.xib in Resources */ = {isa = PBXBuildFile; fileRef = 253186D81E27BBDC00565C32 /* ChapterCell.xib */; };
		253186DB1E27BBF200565C32 /* ChapterCell.swift in Sources */ = {isa = PBXBuildFile; fileRef = 253186DA1E27BBF200565C32 /* ChapterCell.swift */; };
		253186DE1E27C84900565C32 /* ChapDetailViewController.swift in Sources */ = {isa = PBXBuildFile; fileRef = 253186DD1E27C84900565C32 /* ChapDetailViewController.swift */; };
		253186E11E27C88700565C32 /* ChapDetail.storyboard in Resources */ = {isa = PBXBuildFile; fileRef = 253186E01E27C88700565C32 /* ChapDetail.storyboard */; };
		253186E91E28565400565C32 /* chap1.txt in Resources */ = {isa = PBXBuildFile; fileRef = 253186E81E28565400565C32 /* chap1.txt */; };
/* End PBXBuildFile section */

/* Begin PBXFileReference section */
		253186C11E27BB5200565C32 /* ShokaiSwift.app */ = {isa = PBXFileReference; explicitFileType = wrapper.application; includeInIndex = 0; path = ShokaiSwift.app; sourceTree = BUILT_PRODUCTS_DIR; };
		253186C41E27BB5200565C32 /* AppDelegate.swift */ = {isa = PBXFileReference; lastKnownFileType = sourcecode.swift; path = AppDelegate.swift; sourceTree = "<group>"; };
		253186C61E27BB5200565C32 /* ViewController.swift */ = {isa = PBXFileReference; lastKnownFileType = sourcecode.swift; path = ViewController.swift; sourceTree = "<group>"; };
		253186C91E27BB5200565C32 /* Base */ = {isa = PBXFileReference; lastKnownFileType = file.storyboard; name = Base; path = Base.lproj/Main.storyboard; sourceTree = "<group>"; };
		253186CB1E27BB5200565C32 /* Assets.xcassets */ = {isa = PBXFileReference; lastKnownFileType = folder.assetcatalog; path = Assets.xcassets; sourceTree = "<group>"; };
		253186CE1E27BB5200565C32 /* Base */ = {isa = PBXFileReference; lastKnownFileType = file.storyboard; name = Base; path = Base.lproj/LaunchScreen.storyboard; sourceTree = "<group>"; };
		253186D01E27BB5200565C32 /* Info.plist */ = {isa = PBXFileReference; lastKnownFileType = text.plist.xml; path = Info.plist; sourceTree = "<group>"; };
		253186D81E27BBDC00565C32 /* ChapterCell.xib */ = {isa = PBXFileReference; fileEncoding = 4; lastKnownFileType = file.xib; path = ChapterCell.xib; sourceTree = "<group>"; };
		253186DA1E27BBF200565C32 /* ChapterCell.swift */ = {isa = PBXFileReference; fileEncoding = 4; lastKnownFileType = sourcecode.swift; path = ChapterCell.swift; sourceTree = "<group>"; };
		253186DD1E27C84900565C32 /* ChapDetailViewController.swift */ = {isa = PBXFileReference; fileEncoding = 4; lastKnownFileType = sourcecode.swift; path = ChapDetailViewController.swift; sourceTree = "<group>"; };
		253186E01E27C88700565C32 /* ChapDetail.storyboard */ = {isa = PBXFileReference; fileEncoding = 4; lastKnownFileType = file.storyboard; path = ChapDetail.storyboard; sourceTree = "<group>"; };
		253186E81E28565400565C32 /* chap1.txt */ = {isa = PBXFileReference; fileEncoding = 4; lastKnownFileType = text; path = chap1.txt; sourceTree = "<group>"; };
/* End PBXFileReference section */

/* Begin PBXFrameworksBuildPhase section */
		253186BE1E27BB5200565C32 /* Frameworks */ = {
			isa = PBXFrameworksBuildPhase;
			buildActionMask = 2147483647;
			files = (
			);
			runOnlyForDeploymentPostprocessing = 0;
		};
/* End PBXFrameworksBuildPhase section */

/* Begin PBXGroup section */
		253186B81E27BB5200565C32 = {
			isa = PBXGroup;
			children = (
				253186C31E27BB5200565C32 /* ShokaiSwift */,
				253186C21E27BB5200565C32 /* Products */,
			);
			sourceTree = "<group>";
		};
		253186C21E27BB5200565C32 /* Products */ = {
			isa = PBXGroup;
			children = (
				253186C11E27BB5200565C32 /* ShokaiSwift.app */,
			);
			name = Products;
			sourceTree = "<group>";
		};
		253186C31E27BB5200565C32 /* ShokaiSwift */ = {
			isa = PBXGroup;
			children = (
				253186E71E28562A00565C32 /* SampleCodes */,
				253186DF1E27C85F00565C32 /* Storyboards */,
				253186DC1E27C81E00565C32 /* ViewControllers */,
				253186D71E27BBC600565C32 /* Views */,
				253186D61E27BBBD00565C32 /* Xibs */,
				253186C41E27BB5200565C32 /* AppDelegate.swift */,
				253186C61E27BB5200565C32 /* ViewController.swift */,
				253186C81E27BB5200565C32 /* Main.storyboard */,
				253186CB1E27BB5200565C32 /* Assets.xcassets */,
				253186CD1E27BB5200565C32 /* LaunchScreen.storyboard */,
				253186D01E27BB5200565C32 /* Info.plist */,
			);
			path = ShokaiSwift;
			sourceTree = "<group>";
		};
		253186D61E27BBBD00565C32 /* Xibs */ = {
			isa = PBXGroup;
			children = (
				253186D81E27BBDC00565C32 /* ChapterCell.xib */,
			);
			name = Xibs;
			sourceTree = "<group>";
		};
		253186D71E27BBC600565C32 /* Views */ = {
			isa = PBXGroup;
			children = (
				253186DA1E27BBF200565C32 /* ChapterCell.swift */,
			);
			name = Views;
			sourceTree = "<group>";
		};
		253186DC1E27C81E00565C32 /* ViewControllers */ = {
			isa = PBXGroup;
			children = (
				253186DD1E27C84900565C32 /* ChapDetailViewController.swift */,
			);
			name = ViewControllers;
			sourceTree = "<group>";
		};
		253186DF1E27C85F00565C32 /* Storyboards */ = {
			isa = PBXGroup;
			children = (
				253186E01E27C88700565C32 /* ChapDetail.storyboard */,
			);
			name = Storyboards;
			sourceTree = "<group>";
		};
		253186E71E28562A00565C32 /* SampleCodes */ = {
			isa = PBXGroup;
			children = (
				253186E81E28565400565C32 /* chap1.txt */,
			);
			name = SampleCodes;
			sourceTree = "<group>";
		};
/* End PBXGroup section */

/* Begin PBXNativeTarget section */
		253186C01E27BB5200565C32 /* ShokaiSwift */ = {
			isa = PBXNativeTarget;
			buildConfigurationList = 253186D31E27BB5200565C32 /* Build configuration list for PBXNativeTarget "ShokaiSwift" */;
			buildPhases = (
				253186BD1E27BB5200565C32 /* Sources */,
				253186BE1E27BB5200565C32 /* Frameworks */,
				253186BF1E27BB5200565C32 /* Resources */,
			);
			buildRules = (
			);
			dependencies = (
			);
			name = ShokaiSwift;
			productName = ShokaiSwift;
			productReference = 253186C11E27BB5200565C32 /* ShokaiSwift.app */;
			productType = "com.apple.product-type.application";
		};
/* End PBXNativeTarget section */

/* Begin PBXProject section */
		253186B91E27BB5200565C32 /* Project object */ = {
			isa = PBXProject;
			attributes = {
				LastSwiftUpdateCheck = 0820;
				LastUpgradeCheck = 0820;
				ORGANIZATIONNAME = ShuichiNagao;
				TargetAttributes = {
					253186C01E27BB5200565C32 = {
						CreatedOnToolsVersion = 8.2.1;
						DevelopmentTeam = NAJPYUJBUB;
						ProvisioningStyle = Automatic;
					};
				};
			};
			buildConfigurationList = 253186BC1E27BB5200565C32 /* Build configuration list for PBXProject "ShokaiSwift" */;
			compatibilityVersion = "Xcode 3.2";
			developmentRegion = English;
			hasScannedForEncodings = 0;
			knownRegions = (
				en,
				Base,
			);
			mainGroup = 253186B81E27BB5200565C32;
			productRefGroup = 253186C21E27BB5200565C32 /* Products */;
			projectDirPath = "";
			projectRoot = "";
			targets = (
				253186C01E27BB5200565C32 /* ShokaiSwift */,
			);
		};
/* End PBXProject section */

/* Begin PBXResourcesBuildPhase section */
		253186BF1E27BB5200565C32 /* Resources */ = {
			isa = PBXResourcesBuildPhase;
			buildActionMask = 2147483647;
			files = (
				253186E91E28565400565C32 /* chap1.txt in Resources */,
				253186E11E27C88700565C32 /* ChapDetail.storyboard in Resources */,
				253186CF1E27BB5200565C32 /* LaunchScreen.storyboard in Resources */,
				253186CC1E27BB5200565C32 /* Assets.xcassets in Resources */,
				253186CA1E27BB5200565C32 /* Main.storyboard in Resources */,
				253186D91E27BBDC00565C32 /* ChapterCell.xib in Resources */,
			);
			runOnlyForDeploymentPostprocessing = 0;
		};
/* End PBXResourcesBuildPhase section */

/* Begin PBXSourcesBuildPhase section */
		253186BD1E27BB5200565C32 /* Sources */ = {
			isa = PBXSourcesBuildPhase;
			buildActionMask = 2147483647;
			files = (
				253186DB1E27BBF200565C32 /* ChapterCell.swift in Sources */,
				253186C71E27BB5200565C32 /* ViewController.swift in Sources */,
				253186C51E27BB5200565C32 /* AppDelegate.swift in Sources */,
				253186DE1E27C84900565C32 /* ChapDetailViewController.swift in Sources */,
			);
			runOnlyForDeploymentPostprocessing = 0;
		};
/* End PBXSourcesBuildPhase section */

/* Begin PBXVariantGroup section */
		253186C81E27BB5200565C32 /* Main.storyboard */ = {
			isa = PBXVariantGroup;
			children = (
				253186C91E27BB5200565C32 /* Base */,
			);
			name = Main.storyboard;
			sourceTree = "<group>";
		};
		253186CD1E27BB5200565C32 /* LaunchScreen.storyboard */ = {
			isa = PBXVariantGroup;
			children = (
				253186CE1E27BB5200565C32 /* Base */,
			);
			name = LaunchScreen.storyboard;
			sourceTree = "<group>";
		};
/* End PBXVariantGroup section */

/* Begin XCBuildConfiguration section */
		253186D11E27BB5200565C32 /* Debug */ = {
			isa = XCBuildConfiguration;
			buildSettings = {
				ALWAYS_SEARCH_USER_PATHS = NO;
				CLANG_ANALYZER_NONNULL = YES;
				CLANG_CXX_LANGUAGE_STANDARD = "gnu++0x";
				CLANG_CXX_LIBRARY = "libc++";
				CLANG_ENABLE_MODULES = YES;
				CLANG_ENABLE_OBJC_ARC = YES;
				CLANG_WARN_BOOL_CONVERSION = YES;
				CLANG_WARN_CONSTANT_CONVERSION = YES;
				CLANG_WARN_DIRECT_OBJC_ISA_USAGE = YES_ERROR;
				CLANG_WARN_DOCUMENTATION_COMMENTS = YES;
				CLANG_WARN_EMPTY_BODY = YES;
				CLANG_WARN_ENUM_CONVERSION = YES;
				CLANG_WARN_INFINITE_RECURSION = YES;
				CLANG_WARN_INT_CONVERSION = YES;
				CLANG_WARN_OBJC_ROOT_CLASS = YES_ERROR;
				CLANG_WARN_SUSPICIOUS_MOVE = YES;
				CLANG_WARN_UNREACHABLE_CODE = YES;
				CLANG_WARN__DUPLICATE_METHOD_MATCH = YES;
				"CODE_SIGN_IDENTITY[sdk=iphoneos*]" = "iPhone Developer";
				COPY_PHASE_STRIP = NO;
				DEBUG_INFORMATION_FORMAT = dwarf;
				ENABLE_STRICT_OBJC_MSGSEND = YES;
				ENABLE_TESTABILITY = YES;
				GCC_C_LANGUAGE_STANDARD = gnu99;
				GCC_DYNAMIC_NO_PIC = NO;
				GCC_NO_COMMON_BLOCKS = YES;
				GCC_OPTIMIZATION_LEVEL = 0;
				GCC_PREPROCESSOR_DEFINITIONS = (
					"DEBUG=1",
					"$(inherited)",
				);
				GCC_WARN_64_TO_32_BIT_CONVERSION = YES;
				GCC_WARN_ABOUT_RETURN_TYPE = YES_ERROR;
				GCC_WARN_UNDECLARED_SELECTOR = YES;
				GCC_WARN_UNINITIALIZED_AUTOS = YES_AGGRESSIVE;
				GCC_WARN_UNUSED_FUNCTION = YES;
				GCC_WARN_UNUSED_VARIABLE = YES;
				IPHONEOS_DEPLOYMENT_TARGET = 10.2;
				MTL_ENABLE_DEBUG_INFO = YES;
				ONLY_ACTIVE_ARCH = YES;
				SDKROOT = iphoneos;
				SWIFT_ACTIVE_COMPILATION_CONDITIONS = DEBUG;
				SWIFT_OPTIMIZATION_LEVEL = "-Onone";
			};
			name = Debug;
		};
		253186D21E27BB5200565C32 /* Release */ = {
			isa = XCBuildConfiguration;
			buildSettings = {
				ALWAYS_SEARCH_USER_PATHS = NO;
				CLANG_ANALYZER_NONNULL = YES;
				CLANG_CXX_LANGUAGE_STANDARD = "gnu++0x";
				CLANG_CXX_LIBRARY = "libc++";
				CLANG_ENABLE_MODULES = YES;
				CLANG_ENABLE_OBJC_ARC = YES;
				CLANG_WARN_BOOL_CONVERSION = YES;
				CLANG_WARN_CONSTANT_CONVERSION = YES;
				CLANG_WARN_DIRECT_OBJC_ISA_USAGE = YES_ERROR;
				CLANG_WARN_DOCUMENTATION_COMMENTS = YES;
				CLANG_WARN_EMPTY_BODY = YES;
				CLANG_WARN_ENUM_CONVERSION = YES;
				CLANG_WARN_INFINITE_RECURSION = YES;
				CLANG_WARN_INT_CONVERSION = YES;
				CLANG_WARN_OBJC_ROOT_CLASS = YES_ERROR;
				CLANG_WARN_SUSPICIOUS_MOVE = YES;
				CLANG_WARN_UNREACHABLE_CODE = YES;
				CLANG_WARN__DUPLICATE_METHOD_MATCH = YES;
				"CODE_SIGN_IDENTITY[sdk=iphoneos*]" = "iPhone Developer";
				COPY_PHASE_STRIP = NO;
				DEBUG_INFORMATION_FORMAT = "dwarf-with-dsym";
				ENABLE_NS_ASSERTIONS = NO;
				ENABLE_STRICT_OBJC_MSGSEND = YES;
				GCC_C_LANGUAGE_STANDARD = gnu99;
				GCC_NO_COMMON_BLOCKS = YES;
				GCC_WARN_64_TO_32_BIT_CONVERSION = YES;
				GCC_WARN_ABOUT_RETURN_TYPE = YES_ERROR;
				GCC_WARN_UNDECLARED_SELECTOR = YES;
				GCC_WARN_UNINITIALIZED_AUTOS = YES_AGGRESSIVE;
				GCC_WARN_UNUSED_FUNCTION = YES;
				GCC_WARN_UNUSED_VARIABLE = YES;
				IPHONEOS_DEPLOYMENT_TARGET = 10.2;
				MTL_ENABLE_DEBUG_INFO = NO;
				SDKROOT = iphoneos;
				SWIFT_OPTIMIZATION_LEVEL = "-Owholemodule";
				VALIDATE_PRODUCT = YES;
			};
			name = Release;
		};
		253186D41E27BB5200565C32 /* Debug */ = {
			isa = XCBuildConfiguration;
			buildSettings = {
				ASSETCATALOG_COMPILER_APPICON_NAME = AppIcon;
				DEVELOPMENT_TEAM = NAJPYUJBUB;
				INFOPLIST_FILE = ShokaiSwift/Info.plist;
				LD_RUNPATH_SEARCH_PATHS = "$(inherited) @executable_path/Frameworks";
				PRODUCT_BUNDLE_IDENTIFIER = tech.shuichi.ShokaiSwift;
				PRODUCT_NAME = "$(TARGET_NAME)";
				SWIFT_VERSION = 3.0;
			};
			name = Debug;
		};
		253186D51E27BB5200565C32 /* Release */ = {
			isa = XCBuildConfiguration;
			buildSettings = {
				ASSETCATALOG_COMPILER_APPICON_NAME = AppIcon;
				DEVELOPMENT_TEAM = NAJPYUJBUB;
				INFOPLIST_FILE = ShokaiSwift/Info.plist;
				LD_RUNPATH_SEARCH_PATHS = "$(inherited) @executable_path/Frameworks";
				PRODUCT_BUNDLE_IDENTIFIER = tech.shuichi.ShokaiSwift;
				PRODUCT_NAME = "$(TARGET_NAME)";
				SWIFT_VERSION = 3.0;
			};
			name = Release;
		};
/* End XCBuildConfiguration section */

/* Begin XCConfigurationList section */
		253186BC1E27BB5200565C32 /* Build configuration list for PBXProject "ShokaiSwift" */ = {
			isa = XCConfigurationList;
			buildConfigurations = (
				253186D11E27BB5200565C32 /* Debug */,
				253186D21E27BB5200565C32 /* Release */,
			);
			defaultConfigurationIsVisible = 0;
			defaultConfigurationName = Release;
		};
		253186D31E27BB5200565C32 /* Build configuration list for PBXNativeTarget "ShokaiSwift" */ = {
			isa = XCConfigurationList;
			buildConfigurations = (
				253186D41E27BB5200565C32 /* Debug */,
				253186D51E27BB5200565C32 /* Release */,
			);
			defaultConfigurationIsVisible = 0;
			defaultConfigurationName = Release;
		};
/* End XCConfigurationList section */
	};
	rootObject = 253186B91E27BB5200565C32 /* Project object */;
}
